// !$*UTF8*$!
{
	archiveVersion = 1;
	classes = {
	};
	objectVersion = 48;
	objects = {

/* Begin PBXBuildFile section */
		D64170C22028B62800EE8476 /* AppDelegate.swift in Sources */ = {isa = PBXBuildFile; fileRef = D64170C12028B62800EE8476 /* AppDelegate.swift */; };
		D64170C42028B62800EE8476 /* ViewController.swift in Sources */ = {isa = PBXBuildFile; fileRef = D64170C32028B62800EE8476 /* ViewController.swift */; };
		D64170C72028B62800EE8476 /* Main.storyboard in Resources */ = {isa = PBXBuildFile; fileRef = D64170C52028B62800EE8476 /* Main.storyboard */; };
		D64170C92028B62800EE8476 /* Assets.xcassets in Resources */ = {isa = PBXBuildFile; fileRef = D64170C82028B62800EE8476 /* Assets.xcassets */; };
		D64170CC2028B62800EE8476 /* LaunchScreen.storyboard in Resources */ = {isa = PBXBuildFile; fileRef = D64170CA2028B62800EE8476 /* LaunchScreen.storyboard */; };
		D64170D42028B71C00EE8476 /* Logger.swift in Sources */ = {isa = PBXBuildFile; fileRef = D64170D32028B71C00EE8476 /* Logger.swift */; };
		D64170D62028B74900EE8476 /* BluetoothManager.swift in Sources */ = {isa = PBXBuildFile; fileRef = D64170D52028B74900EE8476 /* BluetoothManager.swift */; };
/* End PBXBuildFile section */

/* Begin PBXFileReference section */
		D64170BE2028B62800EE8476 /* MultiServiceCentral.app */ = {isa = PBXFileReference; explicitFileType = wrapper.application; includeInIndex = 0; path = MultiServiceCentral.app; sourceTree = BUILT_PRODUCTS_DIR; };
		D64170C12028B62800EE8476 /* AppDelegate.swift */ = {isa = PBXFileReference; lastKnownFileType = sourcecode.swift; path = AppDelegate.swift; sourceTree = "<group>"; };
		D64170C32028B62800EE8476 /* ViewController.swift */ = {isa = PBXFileReference; lastKnownFileType = sourcecode.swift; path = ViewController.swift; sourceTree = "<group>"; };
		D64170C62028B62800EE8476 /* Base */ = {isa = PBXFileReference; lastKnownFileType = file.storyboard; name = Base; path = Base.lproj/Main.storyboard; sourceTree = "<group>"; };
		D64170C82028B62800EE8476 /* Assets.xcassets */ = {isa = PBXFileReference; lastKnownFileType = folder.assetcatalog; path = Assets.xcassets; sourceTree = "<group>"; };
		D64170CB2028B62800EE8476 /* Base */ = {isa = PBXFileReference; lastKnownFileType = file.storyboard; name = Base; path = Base.lproj/LaunchScreen.storyboard; sourceTree = "<group>"; };
		D64170CD2028B62800EE8476 /* Info.plist */ = {isa = PBXFileReference; lastKnownFileType = text.plist.xml; path = Info.plist; sourceTree = "<group>"; };
		D64170D32028B71C00EE8476 /* Logger.swift */ = {isa = PBXFileReference; lastKnownFileType = sourcecode.swift; path = Logger.swift; sourceTree = "<group>"; };
		D64170D52028B74900EE8476 /* BluetoothManager.swift */ = {isa = PBXFileReference; lastKnownFileType = sourcecode.swift; path = BluetoothManager.swift; sourceTree = "<group>"; };
/* End PBXFileReference section */

/* Begin PBXFrameworksBuildPhase section */
		D64170BB2028B62800EE8476 /* Frameworks */ = {
			isa = PBXFrameworksBuildPhase;
			buildActionMask = 2147483647;
			files = (
			);
			runOnlyForDeploymentPostprocessing = 0;
		};
/* End PBXFrameworksBuildPhase section */

/* Begin PBXGroup section */
		D64170B52028B62800EE8476 = {
			isa = PBXGroup;
			children = (
				D64170C02028B62800EE8476 /* MultiServiceCentral */,
				D64170BF2028B62800EE8476 /* Products */,
			);
			sourceTree = "<group>";
		};
		D64170BF2028B62800EE8476 /* Products */ = {
			isa = PBXGroup;
			children = (
				D64170BE2028B62800EE8476 /* MultiServiceCentral.app */,
			);
			name = Products;
			sourceTree = "<group>";
		};
		D64170C02028B62800EE8476 /* MultiServiceCentral */ = {
			isa = PBXGroup;
			children = (
				D64170D32028B71C00EE8476 /* Logger.swift */,
				D64170D52028B74900EE8476 /* BluetoothManager.swift */,
				D64170C12028B62800EE8476 /* AppDelegate.swift */,
				D64170C32028B62800EE8476 /* ViewController.swift */,
				D64170C52028B62800EE8476 /* Main.storyboard */,
				D64170C82028B62800EE8476 /* Assets.xcassets */,
				D64170CA2028B62800EE8476 /* LaunchScreen.storyboard */,
				D64170CD2028B62800EE8476 /* Info.plist */,
			);
			path = MultiServiceCentral;
			sourceTree = "<group>";
		};
/* End PBXGroup section */

/* Begin PBXNativeTarget section */
		D64170BD2028B62800EE8476 /* MultiServiceCentral */ = {
			isa = PBXNativeTarget;
			buildConfigurationList = D64170D02028B62800EE8476 /* Build configuration list for PBXNativeTarget "MultiServiceCentral" */;
			buildPhases = (
				D64170BA2028B62800EE8476 /* Sources */,
				D64170BB2028B62800EE8476 /* Frameworks */,
				D64170BC2028B62800EE8476 /* Resources */,
			);
			buildRules = (
			);
			dependencies = (
			);
			name = MultiServiceCentral;
			productName = MultiServiceCentral;
			productReference = D64170BE2028B62800EE8476 /* MultiServiceCentral.app */;
			productType = "com.apple.product-type.application";
		};
/* End PBXNativeTarget section */

/* Begin PBXProject section */
		D64170B62028B62800EE8476 /* Project object */ = {
			isa = PBXProject;
			attributes = {
				LastSwiftUpdateCheck = 0920;
				LastUpgradeCheck = 0920;
				ORGANIZATIONNAME = Imprivata;
				TargetAttributes = {
					D64170BD2028B62800EE8476 = {
						CreatedOnToolsVersion = 9.2;
						ProvisioningStyle = Automatic;
					};
				};
			};
			buildConfigurationList = D64170B92028B62800EE8476 /* Build configuration list for PBXProject "MultiServiceCentral" */;
			compatibilityVersion = "Xcode 8.0";
			developmentRegion = en;
			hasScannedForEncodings = 0;
			knownRegions = (
				en,
				Base,
			);
			mainGroup = D64170B52028B62800EE8476;
			productRefGroup = D64170BF2028B62800EE8476 /* Products */;
			projectDirPath = "";
			projectRoot = "";
			targets = (
				D64170BD2028B62800EE8476 /* MultiServiceCentral */,
			);
		};
/* End PBXProject section */

/* Begin PBXResourcesBuildPhase section */
		D64170BC2028B62800EE8476 /* Resources */ = {
			isa = PBXResourcesBuildPhase;
			buildActionMask = 2147483647;
			files = (
				D64170CC2028B62800EE8476 /* LaunchScreen.storyboard in Resources */,
				D64170C92028B62800EE8476 /* Assets.xcassets in Resources */,
				D64170C72028B62800EE8476 /* Main.storyboard in Resources */,
			);
			runOnlyForDeploymentPostprocessing = 0;
		};
/* End PBXResourcesBuildPhase section */

/* Begin PBXSourcesBuildPhase section */
		D64170BA2028B62800EE8476 /* Sources */ = {
			isa = PBXSourcesBuildPhase;
			buildActionMask = 2147483647;
			files = (
				D64170C42028B62800EE8476 /* ViewController.swift in Sources */,
				D64170D42028B71C00EE8476 /* Logger.swift in Sources */,
				D64170D62028B74900EE8476 /* BluetoothManager.swift in Sources */,
				D64170C22028B62800EE8476 /* AppDelegate.swift in Sources */,
			);
			runOnlyForDeploymentPostprocessing = 0;
		};
/* End PBXSourcesBuildPhase section */

/* Begin PBXVariantGroup section */
		D64170C52028B62800EE8476 /* Main.storyboard */ = {
			isa = PBXVariantGroup;
			children = (
				D64170C62028B62800EE8476 /* Base */,
			);
			name = Main.storyboard;
			sourceTree = "<group>";
		};
		D64170CA2028B62800EE8476 /* LaunchScreen.storyboard */ = {
			isa = PBXVariantGroup;
			children = (
				D64170CB2028B62800EE8476 /* Base */,
			);
			name = LaunchScreen.storyboard;
			sourceTree = "<group>";
		};
/* End PBXVariantGroup section */

/* Begin XCBuildConfiguration section */
		D64170CE2028B62800EE8476 /* Debug */ = {
			isa = XCBuildConfiguration;
			buildSettings = {
				ALWAYS_SEARCH_USER_PATHS = NO;
				CLANG_ANALYZER_NONNULL = YES;
				CLANG_ANALYZER_NUMBER_OBJECT_CONVERSION = YES_AGGRESSIVE;
				CLANG_CXX_LANGUAGE_STANDARD = "gnu++14";
				CLANG_CXX_LIBRARY = "libc++";
				CLANG_ENABLE_MODULES = YES;
				CLANG_ENABLE_OBJC_ARC = YES;
				CLANG_WARN_BLOCK_CAPTURE_AUTORELEASING = YES;
				CLANG_WARN_BOOL_CONVERSION = YES;
				CLANG_WARN_COMMA = YES;
				CLANG_WARN_CONSTANT_CONVERSION = YES;
				CLANG_WARN_DIRECT_OBJC_ISA_USAGE = YES_ERROR;
				CLANG_WARN_DOCUMENTATION_COMMENTS = YES;
				CLANG_WARN_EMPTY_BODY = YES;
				CLANG_WARN_ENUM_CONVERSION = YES;
				CLANG_WARN_INFINITE_RECURSION = YES;
				CLANG_WARN_INT_CONVERSION = YES;
				CLANG_WARN_NON_LITERAL_NULL_CONVERSION = YES;
				CLANG_WARN_OBJC_LITERAL_CONVERSION = YES;
				CLANG_WARN_OBJC_ROOT_CLASS = YES_ERROR;
				CLANG_WARN_RANGE_LOOP_ANALYSIS = YES;
				CLANG_WARN_STRICT_PROTOTYPES = YES;
				CLANG_WARN_SUSPICIOUS_MOVE = YES;
				CLANG_WARN_UNGUARDED_AVAILABILITY = YES_AGGRESSIVE;
				CLANG_WARN_UNREACHABLE_CODE = YES;
				CLANG_WARN__DUPLICATE_METHOD_MATCH = YES;
				CODE_SIGN_IDENTITY = "iPhone Developer";
				COPY_PHASE_STRIP = NO;
				DEBUG_INFORMATION_FORMAT = dwarf;
				ENABLE_STRICT_OBJC_MSGSEND = YES;
				ENABLE_TESTABILITY = YES;
				GCC_C_LANGUAGE_STANDARD = gnu11;
				GCC_DYNAMIC_NO_PIC = NO;
				GCC_NO_COMMON_BLOCKS = YES;
				GCC_OPTIMIZATION_LEVEL = 0;
				GCC_PREPROCESSOR_DEFINITIONS = (
					"DEBUG=1",
					"$(inherited)",
				);
				GCC_WARN_64_TO_32_BIT_CONVERSION = YES;
				GCC_WARN_ABOUT_RETURN_TYPE = YES_ERROR;
				GCC_WARN_UNDECLARED_SELECTOR = YES;
				GCC_WARN_UNINITIALIZED_AUTOS = YES_AGGRESSIVE;
				GCC_WARN_UNUSED_FUNCTION = YES;
				GCC_WARN_UNUSED_VARIABLE = YES;
				IPHONEOS_DEPLOYMENT_TARGET = 11.2;
				MTL_ENABLE_DEBUG_INFO = YES;
				ONLY_ACTIVE_ARCH = YES;
				SDKROOT = iphoneos;
				SWIFT_ACTIVE_COMPILATION_CONDITIONS = DEBUG;
				SWIFT_OPTIMIZATION_LEVEL = "-Onone";
			};
			name = Debug;
		};
		D64170CF2028B62800EE8476 /* Release */ = {
			isa = XCBuildConfiguration;
			buildSettings = {
				ALWAYS_SEARCH_USER_PATHS = NO;
				CLANG_ANALYZER_NONNULL = YES;
				CLANG_ANALYZER_NUMBER_OBJECT_CONVERSION = YES_AGGRESSIVE;
				CLANG_CXX_LANGUAGE_STANDARD = "gnu++14";
				CLANG_CXX_LIBRARY = "libc++";
				CLANG_ENABLE_MODULES = YES;
				CLANG_ENABLE_OBJC_ARC = YES;
				CLANG_WARN_BLOCK_CAPTURE_AUTORELEASING = YES;
				CLANG_WARN_BOOL_CONVERSION = YES;
				CLANG_WARN_COMMA = YES;
				CLANG_WARN_CONSTANT_CONVERSION = YES;
				CLANG_WARN_DIRECT_OBJC_ISA_USAGE = YES_ERROR;
				CLANG_WARN_DOCUMENTATION_COMMENTS = YES;
				CLANG_WARN_EMPTY_BODY = YES;
				CLANG_WARN_ENUM_CONVERSION = YES;
				CLANG_WARN_INFINITE_RECURSION = YES;
				CLANG_WARN_INT_CONVERSION = YES;
				CLANG_WARN_NON_LITERAL_NULL_CONVERSION = YES;
				CLANG_WARN_OBJC_LITERAL_CONVERSION = YES;
				CLANG_WARN_OBJC_ROOT_CLASS = YES_ERROR;
				CLANG_WARN_RANGE_LOOP_ANALYSIS = YES;
				CLANG_WARN_STRICT_PROTOTYPES = YES;
				CLANG_WARN_SUSPICIOUS_MOVE = YES;
				CLANG_WARN_UNGUARDED_AVAILABILITY = YES_AGGRESSIVE;
				CLANG_WARN_UNREACHABLE_CODE = YES;
				CLANG_WARN__DUPLICATE_METHOD_MATCH = YES;
				CODE_SIGN_IDENTITY = "iPhone Developer";
				COPY_PHASE_STRIP = NO;
				DEBUG_INFORMATION_FORMAT = "dwarf-with-dsym";
				ENABLE_NS_ASSERTIONS = NO;
				ENABLE_STRICT_OBJC_MSGSEND = YES;
				GCC_C_LANGUAGE_STANDARD = gnu11;
				GCC_NO_COMMON_BLOCKS = YES;
				GCC_WARN_64_TO_32_BIT_CONVERSION = YES;
				GCC_WARN_ABOUT_RETURN_TYPE = YES_ERROR;
				GCC_WARN_UNDECLARED_SELECTOR = YES;
				GCC_WARN_UNINITIALIZED_AUTOS = YES_AGGRESSIVE;
				GCC_WARN_UNUSED_FUNCTION = YES;
				GCC_WARN_UNUSED_VARIABLE = YES;
				IPHONEOS_DEPLOYMENT_TARGET = 11.2;
				MTL_ENABLE_DEBUG_INFO = NO;
				SDKROOT = iphoneos;
				SWIFT_OPTIMIZATION_LEVEL = "-Owholemodule";
				VALIDATE_PRODUCT = YES;
			};
			name = Release;
		};
		D64170D12028B62800EE8476 /* Debug */ = {
			isa = XCBuildConfiguration;
			buildSettings = {
				ASSETCATALOG_COMPILER_APPICON_NAME = AppIcon;
				CODE_SIGN_STYLE = Automatic;
				DEVELOPMENT_TEAM = 4M5ZN5CV6L;
				INFOPLIST_FILE = MultiServiceCentral/Info.plist;
				LD_RUNPATH_SEARCH_PATHS = "$(inherited) @executable_path/Frameworks";
				PRODUCT_BUNDLE_IDENTIFIER = com.imprivata.MultiServiceCentral;
				PRODUCT_NAME = "$(TARGET_NAME)";
				SWIFT_VERSION = 4.0;
				TARGETED_DEVICE_FAMILY = "1,2";
			};
			name = Debug;
		};
		D64170D22028B62800EE8476 /* Release */ = {
			isa = XCBuildConfiguration;
			buildSettings = {
				ASSETCATALOG_COMPILER_APPICON_NAME = AppIcon;
				CODE_SIGN_STYLE = Automatic;
				DEVELOPMENT_TEAM = 4M5ZN5CV6L;
				INFOPLIST_FILE = MultiServiceCentral/Info.plist;
				LD_RUNPATH_SEARCH_PATHS = "$(inherited) @executable_path/Frameworks";
				PRODUCT_BUNDLE_IDENTIFIER = com.imprivata.MultiServiceCentral;
				PRODUCT_NAME = "$(TARGET_NAME)";
				SWIFT_VERSION = 4.0;
				TARGETED_DEVICE_FAMILY = "1,2";
			};
			name = Release;
		};
/* End XCBuildConfiguration section */

/* Begin XCConfigurationList section */
		D64170B92028B62800EE8476 /* Build configuration list for PBXProject "MultiServiceCentral" */ = {
			isa = XCConfigurationList;
			buildConfigurations = (
				D64170CE2028B62800EE8476 /* Debug */,
				D64170CF2028B62800EE8476 /* Release */,
			);
			defaultConfigurationIsVisible = 0;
			defaultConfigurationName = Release;
		};
		D64170D02028B62800EE8476 /* Build configuration list for PBXNativeTarget "MultiServiceCentral" */ = {
			isa = XCConfigurationList;
			buildConfigurations = (
				D64170D12028B62800EE8476 /* Debug */,
				D64170D22028B62800EE8476 /* Release */,
			);
			defaultConfigurationIsVisible = 0;
			defaultConfigurationName = Release;
		};
/* End XCConfigurationList section */
	};
	rootObject = D64170B62028B62800EE8476 /* Project object */;
}
